
Microsoft Visual Studio Solution File, Format Version 12.00
# Visual Studio Version 17
VisualStudioVersion = 17.6.33717.318
MinimumVisualStudioVersion = 10.0.40219.1
Project("{FAE04EC0-301F-11D3-BF4B-00C04F79EFBC}") = "VetClinic.API", "VetClinic.API\VetClinic.API.csproj", "{2B594DA2-D39E-42CA-9FFC-FA66CF34708E}"
EndProject
Project("{FAE04EC0-301F-11D3-BF4B-00C04F79EFBC}") = "VetClinic.DAL", "VetClinic.DAL\VetClinic.DAL.csproj", "{1A1690C3-5B06-4197-9529-1DB6275626FF}"
EndProject
Project("{FAE04EC0-301F-11D3-BF4B-00C04F79EFBC}") = "VetClinic.BLL", "VetClinic.BLL\VetClinic.BLL.csproj", "{B8371127-B3A0-4B96-8713-7737374D3B3C}"
EndProject
Global
	GlobalSection(SolutionConfigurationPlatforms) = preSolution
		Debug|Any CPU = Debug|Any CPU
		Release|Any CPU = Release|Any CPU
	EndGlobalSection
	GlobalSection(ProjectConfigurationPlatforms) = postSolution
		{2B594DA2-D39E-42CA-9FFC-FA66CF34708E}.Debug|Any CPU.ActiveCfg = Debug|Any CPU
		{2B594DA2-D39E-42CA-9FFC-FA66CF34708E}.Debug|Any CPU.Build.0 = Debug|Any CPU
		{2B594DA2-D39E-42CA-9FFC-FA66CF34708E}.Release|Any CPU.ActiveCfg = Release|Any CPU
		{2B594DA2-D39E-42CA-9FFC-FA66CF34708E}.Release|Any CPU.Build.0 = Release|Any CPU
		{1A1690C3-5B06-4197-9529-1DB6275626FF}.Debug|Any CPU.ActiveCfg = Debug|Any CPU
		{1A1690C3-5B06-4197-9529-1DB6275626FF}.Debug|Any CPU.Build.0 = Debug|Any CPU
		{1A1690C3-5B06-4197-9529-1DB6275626FF}.Release|Any CPU.ActiveCfg = Release|Any CPU
		{1A1690C3-5B06-4197-9529-1DB6275626FF}.Release|Any CPU.Build.0 = Release|Any CPU
		{B8371127-B3A0-4B96-8713-7737374D3B3C}.Debug|Any CPU.ActiveCfg = Debug|Any CPU
		{B8371127-B3A0-4B96-8713-7737374D3B3C}.Debug|Any CPU.Build.0 = Debug|Any CPU
		{B8371127-B3A0-4B96-8713-7737374D3B3C}.Release|Any CPU.ActiveCfg = Release|Any CPU
		{B8371127-B3A0-4B96-8713-7737374D3B3C}.Release|Any CPU.Build.0 = Release|Any CPU
	EndGlobalSection
	GlobalSection(SolutionProperties) = preSolution
		HideSolutionNode = FALSE
	EndGlobalSection
	GlobalSection(ExtensibilityGlobals) = postSolution
		SolutionGuid = {D47C3C01-548C-4DC8-9AC3-CA62831BEF38}
	EndGlobalSection
EndGlobal
